// !$*UTF8*$!
{
	archiveVersion = 1;
	classes = {
	};
	objectVersion = 77;
	objects = {

/* Begin PBXContainerItemProxy section */
		A20F3A102D92CAC800C2DF35 /* PBXContainerItemProxy */ = {
			isa = PBXContainerItemProxy;
			containerPortal = A20F39F72D92CAC700C2DF35 /* Project object */;
			proxyType = 1;
			remoteGlobalIDString = A20F39FE2D92CAC700C2DF35;
			remoteInfo = HowHot;
		};
		A20F3A1A2D92CAC800C2DF35 /* PBXContainerItemProxy */ = {
			isa = PBXContainerItemProxy;
			containerPortal = A20F39F72D92CAC700C2DF35 /* Project object */;
			proxyType = 1;
			remoteGlobalIDString = A20F39FE2D92CAC700C2DF35;
			remoteInfo = HowHot;
		};
/* End PBXContainerItemProxy section */

/* Begin PBXFileReference section */
		A20F39FF2D92CAC700C2DF35 /* HowHot.app */ = {isa = PBXFileReference; explicitFileType = wrapper.application; includeInIndex = 0; path = HowHot.app; sourceTree = BUILT_PRODUCTS_DIR; };
		A20F3A0F2D92CAC800C2DF35 /* HowHotTests.xctest */ = {isa = PBXFileReference; explicitFileType = wrapper.cfbundle; includeInIndex = 0; path = HowHotTests.xctest; sourceTree = BUILT_PRODUCTS_DIR; };
		A20F3A192D92CAC800C2DF35 /* HowHotUITests.xctest */ = {isa = PBXFileReference; explicitFileType = wrapper.cfbundle; includeInIndex = 0; path = HowHotUITests.xctest; sourceTree = BUILT_PRODUCTS_DIR; };
/* End PBXFileReference section */

/* Begin PBXFileSystemSynchronizedRootGroup section */
		A20F3A012D92CAC700C2DF35 /* HowHot */ = {
			isa = PBXFileSystemSynchronizedRootGroup;
			path = HowHot;
			sourceTree = "<group>";
		};
		A20F3A122D92CAC800C2DF35 /* HowHotTests */ = {
			isa = PBXFileSystemSynchronizedRootGroup;
			path = HowHotTests;
			sourceTree = "<group>";
		};
		A20F3A1C2D92CAC800C2DF35 /* HowHotUITests */ = {
			isa = PBXFileSystemSynchronizedRootGroup;
			path = HowHotUITests;
			sourceTree = "<group>";
		};
/* End PBXFileSystemSynchronizedRootGroup section */

/* Begin PBXFrameworksBuildPhase section */
		A20F39FC2D92CAC700C2DF35 /* Frameworks */ = {
			isa = PBXFrameworksBuildPhase;
			buildActionMask = 2147483647;
			files = (
			);
			runOnlyForDeploymentPostprocessing = 0;
		};
		A20F3A0C2D92CAC800C2DF35 /* Frameworks */ = {
			isa = PBXFrameworksBuildPhase;
			buildActionMask = 2147483647;
			files = (
			);
			runOnlyForDeploymentPostprocessing = 0;
		};
		A20F3A162D92CAC800C2DF35 /* Frameworks */ = {
			isa = PBXFrameworksBuildPhase;
			buildActionMask = 2147483647;
			files = (
			);
			runOnlyForDeploymentPostprocessing = 0;
		};
/* End PBXFrameworksBuildPhase section */

/* Begin PBXGroup section */
		A20F39F62D92CAC700C2DF35 = {
			isa = PBXGroup;
			children = (
				A20F3A012D92CAC700C2DF35 /* HowHot */,
				A20F3A122D92CAC800C2DF35 /* HowHotTests */,
				A20F3A1C2D92CAC800C2DF35 /* HowHotUITests */,
				A20F3A002D92CAC700C2DF35 /* Products */,
			);
			sourceTree = "<group>";
		};
		A20F3A002D92CAC700C2DF35 /* Products */ = {
			isa = PBXGroup;
			children = (
				A20F39FF2D92CAC700C2DF35 /* HowHot.app */,
				A20F3A0F2D92CAC800C2DF35 /* HowHotTests.xctest */,
				A20F3A192D92CAC800C2DF35 /* HowHotUITests.xctest */,
			);
			name = Products;
			sourceTree = "<group>";
		};
/* End PBXGroup section */

/* Begin PBXNativeTarget section */
		A20F39FE2D92CAC700C2DF35 /* HowHot */ = {
			isa = PBXNativeTarget;
			buildConfigurationList = A20F3A232D92CAC800C2DF35 /* Build configuration list for PBXNativeTarget "HowHot" */;
			buildPhases = (
				A20F39FB2D92CAC700C2DF35 /* Sources */,
				A20F39FC2D92CAC700C2DF35 /* Frameworks */,
				A20F39FD2D92CAC700C2DF35 /* Resources */,
			);
			buildRules = (
			);
			dependencies = (
			);
			fileSystemSynchronizedGroups = (
				A20F3A012D92CAC700C2DF35 /* HowHot */,
			);
			name = HowHot;
			packageProductDependencies = (
			);
			productName = HowHot;
			productReference = A20F39FF2D92CAC700C2DF35 /* HowHot.app */;
			productType = "com.apple.product-type.application";
		};
		A20F3A0E2D92CAC800C2DF35 /* HowHotTests */ = {
			isa = PBXNativeTarget;
			buildConfigurationList = A20F3A262D92CAC800C2DF35 /* Build configuration list for PBXNativeTarget "HowHotTests" */;
			buildPhases = (
				A20F3A0B2D92CAC800C2DF35 /* Sources */,
				A20F3A0C2D92CAC800C2DF35 /* Frameworks */,
				A20F3A0D2D92CAC800C2DF35 /* Resources */,
			);
			buildRules = (
			);
			dependencies = (
				A20F3A112D92CAC800C2DF35 /* PBXTargetDependency */,
			);
			fileSystemSynchronizedGroups = (
				A20F3A122D92CAC800C2DF35 /* HowHotTests */,
			);
			name = HowHotTests;
			packageProductDependencies = (
			);
			productName = HowHotTests;
			productReference = A20F3A0F2D92CAC800C2DF35 /* HowHotTests.xctest */;
			productType = "com.apple.product-type.bundle.unit-test";
		};
		A20F3A182D92CAC800C2DF35 /* HowHotUITests */ = {
			isa = PBXNativeTarget;
			buildConfigurationList = A20F3A292D92CAC800C2DF35 /* Build configuration list for PBXNativeTarget "HowHotUITests" */;
			buildPhases = (
				A20F3A152D92CAC800C2DF35 /* Sources */,
				A20F3A162D92CAC800C2DF35 /* Frameworks */,
				A20F3A172D92CAC800C2DF35 /* Resources */,
			);
			buildRules = (
			);
			dependencies = (
				A20F3A1B2D92CAC800C2DF35 /* PBXTargetDependency */,
			);
			fileSystemSynchronizedGroups = (
				A20F3A1C2D92CAC800C2DF35 /* HowHotUITests */,
			);
			name = HowHotUITests;
			packageProductDependencies = (
			);
			productName = HowHotUITests;
			productReference = A20F3A192D92CAC800C2DF35 /* HowHotUITests.xctest */;
			productType = "com.apple.product-type.bundle.ui-testing";
		};
/* End PBXNativeTarget section */

/* Begin PBXProject section */
		A20F39F72D92CAC700C2DF35 /* Project object */ = {
			isa = PBXProject;
			attributes = {
				BuildIndependentTargetsInParallel = 1;
				LastSwiftUpdateCheck = 1620;
				LastUpgradeCheck = 1620;
				TargetAttributes = {
					A20F39FE2D92CAC700C2DF35 = {
						CreatedOnToolsVersion = 16.2;
					};
					A20F3A0E2D92CAC800C2DF35 = {
						CreatedOnToolsVersion = 16.2;
						TestTargetID = A20F39FE2D92CAC700C2DF35;
					};
					A20F3A182D92CAC800C2DF35 = {
						CreatedOnToolsVersion = 16.2;
						TestTargetID = A20F39FE2D92CAC700C2DF35;
					};
				};
			};
			buildConfigurationList = A20F39FA2D92CAC700C2DF35 /* Build configuration list for PBXProject "HowHot" */;
			developmentRegion = en;
			hasScannedForEncodings = 0;
			knownRegions = (
				en,
				Base,
			);
			mainGroup = A20F39F62D92CAC700C2DF35;
			minimizedProjectReferenceProxies = 1;
			preferredProjectObjectVersion = 77;
			productRefGroup = A20F3A002D92CAC700C2DF35 /* Products */;
			projectDirPath = "";
			projectRoot = "";
			targets = (
				A20F39FE2D92CAC700C2DF35 /* HowHot */,
				A20F3A0E2D92CAC800C2DF35 /* HowHotTests */,
				A20F3A182D92CAC800C2DF35 /* HowHotUITests */,
			);
		};
/* End PBXProject section */

/* Begin PBXResourcesBuildPhase section */
		A20F39FD2D92CAC700C2DF35 /* Resources */ = {
			isa = PBXResourcesBuildPhase;
			buildActionMask = 2147483647;
			files = (
			);
			runOnlyForDeploymentPostprocessing = 0;
		};
		A20F3A0D2D92CAC800C2DF35 /* Resources */ = {
			isa = PBXResourcesBuildPhase;
			buildActionMask = 2147483647;
			files = (
			);
			runOnlyForDeploymentPostprocessing = 0;
		};
		A20F3A172D92CAC800C2DF35 /* Resources */ = {
			isa = PBXResourcesBuildPhase;
			buildActionMask = 2147483647;
			files = (
			);
			runOnlyForDeploymentPostprocessing = 0;
		};
/* End PBXResourcesBuildPhase section */

/* Begin PBXSourcesBuildPhase section */
		A20F39FB2D92CAC700C2DF35 /* Sources */ = {
			isa = PBXSourcesBuildPhase;
			buildActionMask = 2147483647;
			files = (
			);
			runOnlyForDeploymentPostprocessing = 0;
		};
		A20F3A0B2D92CAC800C2DF35 /* Sources */ = {
			isa = PBXSourcesBuildPhase;
			buildActionMask = 2147483647;
			files = (
			);
			runOnlyForDeploymentPostprocessing = 0;
		};
		A20F3A152D92CAC800C2DF35 /* Sources */ = {
			isa = PBXSourcesBuildPhase;
			buildActionMask = 2147483647;
			files = (
			);
			runOnlyForDeploymentPostprocessing = 0;
		};
/* End PBXSourcesBuildPhase section */

/* Begin PBXTargetDependency section */
		A20F3A112D92CAC800C2DF35 /* PBXTargetDependency */ = {
			isa = PBXTargetDependency;
			target = A20F39FE2D92CAC700C2DF35 /* HowHot */;
			targetProxy = A20F3A102D92CAC800C2DF35 /* PBXContainerItemProxy */;
		};
		A20F3A1B2D92CAC800C2DF35 /* PBXTargetDependency */ = {
			isa = PBXTargetDependency;
			target = A20F39FE2D92CAC700C2DF35 /* HowHot */;
			targetProxy = A20F3A1A2D92CAC800C2DF35 /* PBXContainerItemProxy */;
		};
/* End PBXTargetDependency section */

/* Begin XCBuildConfiguration section */
		A20F3A212D92CAC800C2DF35 /* Debug */ = {
			isa = XCBuildConfiguration;
			buildSettings = {
				ALWAYS_SEARCH_USER_PATHS = NO;
				ASSETCATALOG_COMPILER_GENERATE_SWIFT_ASSET_SYMBOL_EXTENSIONS = YES;
				CLANG_ANALYZER_NONNULL = YES;
				CLANG_ANALYZER_NUMBER_OBJECT_CONVERSION = YES_AGGRESSIVE;
				CLANG_CXX_LANGUAGE_STANDARD = "gnu++20";
				CLANG_ENABLE_MODULES = YES;
				CLANG_ENABLE_OBJC_ARC = YES;
				CLANG_ENABLE_OBJC_WEAK = YES;
				CLANG_WARN_BLOCK_CAPTURE_AUTORELEASING = YES;
				CLANG_WARN_BOOL_CONVERSION = YES;
				CLANG_WARN_COMMA = YES;
				CLANG_WARN_CONSTANT_CONVERSION = YES;
				CLANG_WARN_DEPRECATED_OBJC_IMPLEMENTATIONS = YES;
				CLANG_WARN_DIRECT_OBJC_ISA_USAGE = YES_ERROR;
				CLANG_WARN_DOCUMENTATION_COMMENTS = YES;
				CLANG_WARN_EMPTY_BODY = YES;
				CLANG_WARN_ENUM_CONVERSION = YES;
				CLANG_WARN_INFINITE_RECURSION = YES;
				CLANG_WARN_INT_CONVERSION = YES;
				CLANG_WARN_NON_LITERAL_NULL_CONVERSION = YES;
				CLANG_WARN_OBJC_IMPLICIT_RETAIN_SELF = YES;
				CLANG_WARN_OBJC_LITERAL_CONVERSION = YES;
				CLANG_WARN_OBJC_ROOT_CLASS = YES_ERROR;
				CLANG_WARN_QUOTED_INCLUDE_IN_FRAMEWORK_HEADER = YES;
				CLANG_WARN_RANGE_LOOP_ANALYSIS = YES;
				CLANG_WARN_STRICT_PROTOTYPES = YES;
				CLANG_WARN_SUSPICIOUS_MOVE = YES;
				CLANG_WARN_UNGUARDED_AVAILABILITY = YES_AGGRESSIVE;
				CLANG_WARN_UNREACHABLE_CODE = YES;
				CLANG_WARN__DUPLICATE_METHOD_MATCH = YES;
				COPY_PHASE_STRIP = NO;
				DEBUG_INFORMATION_FORMAT = dwarf;
				ENABLE_STRICT_OBJC_MSGSEND = YES;
				ENABLE_TESTABILITY = YES;
				ENABLE_USER_SCRIPT_SANDBOXING = YES;
				GCC_C_LANGUAGE_STANDARD = gnu17;
				GCC_DYNAMIC_NO_PIC = NO;
				GCC_NO_COMMON_BLOCKS = YES;
				GCC_OPTIMIZATION_LEVEL = 0;
				GCC_PREPROCESSOR_DEFINITIONS = (
					"DEBUG=1",
					"$(inherited)",
				);
				GCC_WARN_64_TO_32_BIT_CONVERSION = YES;
				GCC_WARN_ABOUT_RETURN_TYPE = YES_ERROR;
				GCC_WARN_UNDECLARED_SELECTOR = YES;
				GCC_WARN_UNINITIALIZED_AUTOS = YES_AGGRESSIVE;
				GCC_WARN_UNUSED_FUNCTION = YES;
				GCC_WARN_UNUSED_VARIABLE = YES;
				IPHONEOS_DEPLOYMENT_TARGET = 18.2;
				LOCALIZATION_PREFERS_STRING_CATALOGS = YES;
				MTL_ENABLE_DEBUG_INFO = INCLUDE_SOURCE;
				MTL_FAST_MATH = YES;
				ONLY_ACTIVE_ARCH = YES;
				SDKROOT = iphoneos;
				SWIFT_ACTIVE_COMPILATION_CONDITIONS = "DEBUG $(inherited)";
				SWIFT_OPTIMIZATION_LEVEL = "-Onone";
			};
			name = Debug;
		};
		A20F3A222D92CAC800C2DF35 /* Release */ = {
			isa = XCBuildConfiguration;
			buildSettings = {
				ALWAYS_SEARCH_USER_PATHS = NO;
				ASSETCATALOG_COMPILER_GENERATE_SWIFT_ASSET_SYMBOL_EXTENSIONS = YES;
				CLANG_ANALYZER_NONNULL = YES;
				CLANG_ANALYZER_NUMBER_OBJECT_CONVERSION = YES_AGGRESSIVE;
				CLANG_CXX_LANGUAGE_STANDARD = "gnu++20";
				CLANG_ENABLE_MODULES = YES;
				CLANG_ENABLE_OBJC_ARC = YES;
				CLANG_ENABLE_OBJC_WEAK = YES;
				CLANG_WARN_BLOCK_CAPTURE_AUTORELEASING = YES;
				CLANG_WARN_BOOL_CONVERSION = YES;
				CLANG_WARN_COMMA = YES;
				CLANG_WARN_CONSTANT_CONVERSION = YES;
				CLANG_WARN_DEPRECATED_OBJC_IMPLEMENTATIONS = YES;
				CLANG_WARN_DIRECT_OBJC_ISA_USAGE = YES_ERROR;
				CLANG_WARN_DOCUMENTATION_COMMENTS = YES;
				CLANG_WARN_EMPTY_BODY = YES;
				CLANG_WARN_ENUM_CONVERSION = YES;
				CLANG_WARN_INFINITE_RECURSION = YES;
				CLANG_WARN_INT_CONVERSION = YES;
				CLANG_WARN_NON_LITERAL_NULL_CONVERSION = YES;
				CLANG_WARN_OBJC_IMPLICIT_RETAIN_SELF = YES;
				CLANG_WARN_OBJC_LITERAL_CONVERSION = YES;
				CLANG_WARN_OBJC_ROOT_CLASS = YES_ERROR;
				CLANG_WARN_QUOTED_INCLUDE_IN_FRAMEWORK_HEADER = YES;
				CLANG_WARN_RANGE_LOOP_ANALYSIS = YES;
				CLANG_WARN_STRICT_PROTOTYPES = YES;
				CLANG_WARN_SUSPICIOUS_MOVE = YES;
				CLANG_WARN_UNGUARDED_AVAILABILITY = YES_AGGRESSIVE;
				CLANG_WARN_UNREACHABLE_CODE = YES;
				CLANG_WARN__DUPLICATE_METHOD_MATCH = YES;
				COPY_PHASE_STRIP = NO;
				DEBUG_INFORMATION_FORMAT = "dwarf-with-dsym";
				ENABLE_NS_ASSERTIONS = NO;
				ENABLE_STRICT_OBJC_MSGSEND = YES;
				ENABLE_USER_SCRIPT_SANDBOXING = YES;
				GCC_C_LANGUAGE_STANDARD = gnu17;
				GCC_NO_COMMON_BLOCKS = YES;
				GCC_WARN_64_TO_32_BIT_CONVERSION = YES;
				GCC_WARN_ABOUT_RETURN_TYPE = YES_ERROR;
				GCC_WARN_UNDECLARED_SELECTOR = YES;
				GCC_WARN_UNINITIALIZED_AUTOS = YES_AGGRESSIVE;
				GCC_WARN_UNUSED_FUNCTION = YES;
				GCC_WARN_UNUSED_VARIABLE = YES;
				IPHONEOS_DEPLOYMENT_TARGET = 18.2;
				LOCALIZATION_PREFERS_STRING_CATALOGS = YES;
				MTL_ENABLE_DEBUG_INFO = NO;
				MTL_FAST_MATH = YES;
				SDKROOT = iphoneos;
				SWIFT_COMPILATION_MODE = wholemodule;
				VALIDATE_PRODUCT = YES;
			};
			name = Release;
		};
		A20F3A242D92CAC800C2DF35 /* Debug */ = {
			isa = XCBuildConfiguration;
			buildSettings = {
				ASSETCATALOG_COMPILER_APPICON_NAME = AppIcon;
				ASSETCATALOG_COMPILER_GLOBAL_ACCENT_COLOR_NAME = AccentColor;
				CODE_SIGN_STYLE = Automatic;
				CURRENT_PROJECT_VERSION = 1;
				DEVELOPMENT_ASSET_PATHS = "\"HowHot/Preview Content\"";
				DEVELOPMENT_TEAM = M99W3U8TM3;
				ENABLE_PREVIEWS = YES;
				GENERATE_INFOPLIST_FILE = YES;
				INFOPLIST_KEY_UIApplicationSceneManifest_Generation = YES;
				INFOPLIST_KEY_UIApplicationSupportsIndirectInputEvents = YES;
				INFOPLIST_KEY_UILaunchScreen_Generation = YES;
				INFOPLIST_KEY_UISupportedInterfaceOrientations_iPad = "UIInterfaceOrientationPortrait UIInterfaceOrientationPortraitUpsideDown UIInterfaceOrientationLandscapeLeft UIInterfaceOrientationLandscapeRight";
				INFOPLIST_KEY_UISupportedInterfaceOrientations_iPhone = "UIInterfaceOrientationPortrait UIInterfaceOrientationLandscapeLeft UIInterfaceOrientationLandscapeRight";
				LD_RUNPATH_SEARCH_PATHS = (
					"$(inherited)",
					"@executable_path/Frameworks",
				);
				MARKETING_VERSION = 1.0;
				PRODUCT_BUNDLE_IDENTIFIER = me.thermaldonkey.HowHot;
				PRODUCT_NAME = "$(TARGET_NAME)";
				SWIFT_EMIT_LOC_STRINGS = YES;
				SWIFT_VERSION = 5.0;
				TARGETED_DEVICE_FAMILY = "1,2";
			};
			name = Debug;
		};
		A20F3A252D92CAC800C2DF35 /* Release */ = {
			isa = XCBuildConfiguration;
			buildSettings = {
				ASSETCATALOG_COMPILER_APPICON_NAME = AppIcon;
				ASSETCATALOG_COMPILER_GLOBAL_ACCENT_COLOR_NAME = AccentColor;
				CODE_SIGN_STYLE = Automatic;
				CURRENT_PROJECT_VERSION = 1;
				DEVELOPMENT_ASSET_PATHS = "\"HowHot/Preview Content\"";
				DEVELOPMENT_TEAM = M99W3U8TM3;
				ENABLE_PREVIEWS = YES;
				GENERATE_INFOPLIST_FILE = YES;
				INFOPLIST_KEY_UIApplicationSceneManifest_Generation = YES;
				INFOPLIST_KEY_UIApplicationSupportsIndirectInputEvents = YES;
				INFOPLIST_KEY_UILaunchScreen_Generation = YES;
				INFOPLIST_KEY_UISupportedInterfaceOrientations_iPad = "UIInterfaceOrientationPortrait UIInterfaceOrientationPortraitUpsideDown UIInterfaceOrientationLandscapeLeft UIInterfaceOrientationLandscapeRight";
				INFOPLIST_KEY_UISupportedInterfaceOrientations_iPhone = "UIInterfaceOrientationPortrait UIInterfaceOrientationLandscapeLeft UIInterfaceOrientationLandscapeRight";
				LD_RUNPATH_SEARCH_PATHS = (
					"$(inherited)",
					"@executable_path/Frameworks",
				);
				MARKETING_VERSION = 1.0;
				PRODUCT_BUNDLE_IDENTIFIER = me.thermaldonkey.HowHot;
				PRODUCT_NAME = "$(TARGET_NAME)";
				SWIFT_EMIT_LOC_STRINGS = YES;
				SWIFT_VERSION = 5.0;
				TARGETED_DEVICE_FAMILY = "1,2";
			};
			name = Release;
		};
		A20F3A272D92CAC800C2DF35 /* Debug */ = {
			isa = XCBuildConfiguration;
			buildSettings = {
				BUNDLE_LOADER = "$(TEST_HOST)";
				CODE_SIGN_STYLE = Automatic;
				CURRENT_PROJECT_VERSION = 1;
				DEVELOPMENT_TEAM = M99W3U8TM3;
				GENERATE_INFOPLIST_FILE = YES;
				IPHONEOS_DEPLOYMENT_TARGET = 18.2;
				MARKETING_VERSION = 1.0;
				PRODUCT_BUNDLE_IDENTIFIER = me.thermaldonkey.HowHotTests;
				PRODUCT_NAME = "$(TARGET_NAME)";
				SWIFT_EMIT_LOC_STRINGS = NO;
				SWIFT_VERSION = 5.0;
				TARGETED_DEVICE_FAMILY = "1,2";
				TEST_HOST = "$(BUILT_PRODUCTS_DIR)/HowHot.app/$(BUNDLE_EXECUTABLE_FOLDER_PATH)/HowHot";
			};
			name = Debug;
		};
		A20F3A282D92CAC800C2DF35 /* Release */ = {
			isa = XCBuildConfiguration;
			buildSettings = {
				BUNDLE_LOADER = "$(TEST_HOST)";
				CODE_SIGN_STYLE = Automatic;
				CURRENT_PROJECT_VERSION = 1;
				DEVELOPMENT_TEAM = M99W3U8TM3;
				GENERATE_INFOPLIST_FILE = YES;
				IPHONEOS_DEPLOYMENT_TARGET = 18.2;
				MARKETING_VERSION = 1.0;
				PRODUCT_BUNDLE_IDENTIFIER = me.thermaldonkey.HowHotTests;
				PRODUCT_NAME = "$(TARGET_NAME)";
				SWIFT_EMIT_LOC_STRINGS = NO;
				SWIFT_VERSION = 5.0;
				TARGETED_DEVICE_FAMILY = "1,2";
				TEST_HOST = "$(BUILT_PRODUCTS_DIR)/HowHot.app/$(BUNDLE_EXECUTABLE_FOLDER_PATH)/HowHot";
			};
			name = Release;
		};
		A20F3A2A2D92CAC800C2DF35 /* Debug */ = {
			isa = XCBuildConfiguration;
			buildSettings = {
				CODE_SIGN_STYLE = Automatic;
				CURRENT_PROJECT_VERSION = 1;
				DEVELOPMENT_TEAM = M99W3U8TM3;
				GENERATE_INFOPLIST_FILE = YES;
				MARKETING_VERSION = 1.0;
				PRODUCT_BUNDLE_IDENTIFIER = me.thermaldonkey.HowHotUITests;
				PRODUCT_NAME = "$(TARGET_NAME)";
				SWIFT_EMIT_LOC_STRINGS = NO;
				SWIFT_VERSION = 5.0;
				TARGETED_DEVICE_FAMILY = "1,2";
				TEST_TARGET_NAME = HowHot;
			};
			name = Debug;
		};
		A20F3A2B2D92CAC800C2DF35 /* Release */ = {
			isa = XCBuildConfiguration;
			buildSettings = {
				CODE_SIGN_STYLE = Automatic;
				CURRENT_PROJECT_VERSION = 1;
				DEVELOPMENT_TEAM = M99W3U8TM3;
				GENERATE_INFOPLIST_FILE = YES;
				MARKETING_VERSION = 1.0;
				PRODUCT_BUNDLE_IDENTIFIER = me.thermaldonkey.HowHotUITests;
				PRODUCT_NAME = "$(TARGET_NAME)";
				SWIFT_EMIT_LOC_STRINGS = NO;
				SWIFT_VERSION = 5.0;
				TARGETED_DEVICE_FAMILY = "1,2";
				TEST_TARGET_NAME = HowHot;
			};
			name = Release;
		};
/* End XCBuildConfiguration section */

/* Begin XCConfigurationList section */
		A20F39FA2D92CAC700C2DF35 /* Build configuration list for PBXProject "HowHot" */ = {
			isa = XCConfigurationList;
			buildConfigurations = (
				A20F3A212D92CAC800C2DF35 /* Debug */,
				A20F3A222D92CAC800C2DF35 /* Release */,
			);
			defaultConfigurationIsVisible = 0;
			defaultConfigurationName = Release;
		};
		A20F3A232D92CAC800C2DF35 /* Build configuration list for PBXNativeTarget "HowHot" */ = {
			isa = XCConfigurationList;
			buildConfigurations = (
				A20F3A242D92CAC800C2DF35 /* Debug */,
				A20F3A252D92CAC800C2DF35 /* Release */,
			);
			defaultConfigurationIsVisible = 0;
			defaultConfigurationName = Release;
		};
		A20F3A262D92CAC800C2DF35 /* Build configuration list for PBXNativeTarget "HowHotTests" */ = {
			isa = XCConfigurationList;
			buildConfigurations = (
				A20F3A272D92CAC800C2DF35 /* Debug */,
				A20F3A282D92CAC800C2DF35 /* Release */,
			);
			defaultConfigurationIsVisible = 0;
			defaultConfigurationName = Release;
		};
		A20F3A292D92CAC800C2DF35 /* Build configuration list for PBXNativeTarget "HowHotUITests" */ = {
			isa = XCConfigurationList;
			buildConfigurations = (
				A20F3A2A2D92CAC800C2DF35 /* Debug */,
				A20F3A2B2D92CAC800C2DF35 /* Release */,
			);
			defaultConfigurationIsVisible = 0;
			defaultConfigurationName = Release;
		};
/* End XCConfigurationList section */
	};
	rootObject = A20F39F72D92CAC700C2DF35 /* Project object */;
}
